{
  "nodes": {
    "flake-utils": {
      "locked": {
        "lastModified": 1634851050,
        "narHash": "sha256-N83GlSGPJJdcqhUxSCS/WwW5pksYf3VP1M13cDRTSVA=",
        "owner": "numtide",
        "repo": "flake-utils",
        "rev": "c91f3de5adaf1de973b797ef7485e441a65b8935",
        "type": "github"
      },
      "original": {
        "owner": "numtide",
        "repo": "flake-utils",
        "type": "github"
      }
    },
    "home-manager": {
      "inputs": {
        "nixpkgs": [
          "nixpkgs"
        ]
      },
      "locked": {
        "lastModified": 1654113406,
        "narHash": "sha256-70esZvhal+FsyU89mJRcAb+cDGHKt0sgZ6MlRr9Cplg=",
        "owner": "nix-community",
        "repo": "home-manager",
        "rev": "684e85d01d333be91c4875baebb05b93c7d2ffaa",
        "type": "github"
      },
      "original": {
        "owner": "nix-community",
        "repo": "home-manager",
        "type": "github"
      }
    },
    "nixpkgs": {
      "locked": {
        "lastModified": 1656182524,
        "narHash": "sha256-p4ZzCgZyQ4avz/huv8UrZHW0Gt2xry+Hm3tcL+GYUzo=",
        "owner": "NixOS",
        "repo": "nixpkgs",
        "rev": "061263a28a561ee6e7c7bd527e1e0d8e25852f40",
        "type": "github"
      },
      "original": {
        "owner": "NixOS",
        "repo": "nixpkgs",
        "type": "github"
      }
    },
    "root": {
      "inputs": {
        "flake-utils": "flake-utils",
        "home-manager": "home-manager",
        "nixpkgs": "nixpkgs"
      }
    }
  },
  "root": "root",
  "version": 7
}
